
Microsoft Visual Studio Solution File, Format Version 12.00
# Visual Studio 14
VisualStudioVersion = 14.0.25420.1
MinimumVisualStudioVersion = 10.0.40219.1
Project("{2150E333-8FDC-42A3-9474-1A3956D46DE8}") = "PROJ1", "PROJ1", "{DD6364C5-492A-4ECE-AA41-DBE88BBB0B3F}"
	ProjectSection(SolutionItems) = preProject
		PROJ1\Architecture.xml = PROJ1\Architecture.xml
	EndProjectSection
EndProject
Global
	GlobalSection(SolutionProperties) = preSolution
		HideSolutionNode = FALSE
	EndGlobalSection
EndGlobal
