
Microsoft Visual Studio Solution File, Format Version 12.00
# Visual Studio 15
VisualStudioVersion = 15.0.27004.2006
MinimumVisualStudioVersion = 10.0.40219.1
Project("{FAE04EC0-301F-11D3-BF4B-00C04F79EFBC}") = "CarPresentation", "CarPresentation\CarPresentation.csproj", "{AFC96DB8-3635-40DC-BEB6-A17B596F3273}"
EndProject
Project("{FAE04EC0-301F-11D3-BF4B-00C04F79EFBC}") = "FinderLib", "FinderLib\FinderLib.csproj", "{6C6A8D54-BA46-41F8-A3A6-5AC14B42603C}"
EndProject
Global
	GlobalSection(SolutionConfigurationPlatforms) = preSolution
		Debug|Any CPU = Debug|Any CPU
		Release|Any CPU = Release|Any CPU
	EndGlobalSection
	GlobalSection(ProjectConfigurationPlatforms) = postSolution
		{AFC96DB8-3635-40DC-BEB6-A17B596F3273}.Debug|Any CPU.ActiveCfg = Debug|Any CPU
		{AFC96DB8-3635-40DC-BEB6-A17B596F3273}.Debug|Any CPU.Build.0 = Debug|Any CPU
		{AFC96DB8-3635-40DC-BEB6-A17B596F3273}.Release|Any CPU.ActiveCfg = Release|Any CPU
		{AFC96DB8-3635-40DC-BEB6-A17B596F3273}.Release|Any CPU.Build.0 = Release|Any CPU
		{6C6A8D54-BA46-41F8-A3A6-5AC14B42603C}.Debug|Any CPU.ActiveCfg = Debug|Any CPU
		{6C6A8D54-BA46-41F8-A3A6-5AC14B42603C}.Debug|Any CPU.Build.0 = Debug|Any CPU
		{6C6A8D54-BA46-41F8-A3A6-5AC14B42603C}.Release|Any CPU.ActiveCfg = Release|Any CPU
		{6C6A8D54-BA46-41F8-A3A6-5AC14B42603C}.Release|Any CPU.Build.0 = Release|Any CPU
	EndGlobalSection
	GlobalSection(SolutionProperties) = preSolution
		HideSolutionNode = FALSE
	EndGlobalSection
	GlobalSection(ExtensibilityGlobals) = postSolution
		SolutionGuid = {163F6BC8-1BDA-4046-87FE-8500A06E7B32}
	EndGlobalSection
EndGlobal
